<?xml version="1.0" encoding="utf-8"?>
<Project ToolsVersion="4.0" xmlns="http://schemas.microsoft.com/developer/msbuild/2003">
  <ItemGroup>
    <Filter Include="ソース ファイル">
      <UniqueIdentifier>{4FC737F1-C7A5-4376-A066-2A32D752A2FF}</UniqueIdentifier>
      <Extensions>cpp;c;cc;cxx;c++;cppm;ixx;def;odl;idl;hpj;bat;asm;asmx</Extensions>
    </Filter>
    <Filter Include="リソース ファイル">
      <UniqueIdentifier>{67DA6AB6-F800-4c08-8B7A-83BB121AAD01}</UniqueIdentifier>
      <Extensions>rc;ico;cur;bmp;dlg;rc2;rct;bin;rgs;gif;jpg;jpeg;jpe;resx;tiff;tif;png;wav;mfcribbon-ms</Extensions>
    </Filter>
    <Filter Include="imgui">
      <UniqueIdentifier>{86aedb73-16bb-47de-a80b-041104683a92}</UniqueIdentifier>
    </Filter>
    <Filter Include="ソース ファイル\2d">
      <UniqueIdentifier>{3180c971-22ce-48d4-9638-84d6c3984fb2}</UniqueIdentifier>
    </Filter>
    <Filter Include="ソース ファイル\3d">
      <UniqueIdentifier>{b8c1195d-c702-4f94-a6d4-d1d771e05d56}</UniqueIdentifier>
    </Filter>
    <Filter Include="ソース ファイル\audio">
      <UniqueIdentifier>{77ccc5ca-4d02-4e55-b338-ae34d4ea0360}</UniqueIdentifier>
    </Filter>
    <Filter Include="ソース ファイル\base">
      <UniqueIdentifier>{e82db401-d3c7-41be-b9ca-304916e85ae2}</UniqueIdentifier>
    </Filter>
    <Filter Include="ソース ファイル\input/output">
      <UniqueIdentifier>{bba2c52c-4e4b-4167-8b4f-e1119b2ecd1c}</UniqueIdentifier>
    </Filter>
    <Filter Include="ソース ファイル\math">
      <UniqueIdentifier>{ec2bf656-1f37-4d65-a913-eada5099af94}</UniqueIdentifier>
    </Filter>
    <Filter Include="ソース ファイル\scene">
      <UniqueIdentifier>{044f5b13-3ca7-44c2-8ead-4a9cb6d61ef0}</UniqueIdentifier>
    </Filter>
    <Filter Include="シェーダーファイル">
      <UniqueIdentifier>{3ab81b6d-4563-4a8e-bd90-e2aad10ce1a6}</UniqueIdentifier>
    </Filter>
    <Filter Include="ソース ファイル\ヘッダー ファイル">
      <UniqueIdentifier>{93995380-89BD-4b04-88EB-625FBE52EBFB}</UniqueIdentifier>
      <Extensions>h;hh;hpp;hxx;h++;hm;inl;inc;ipp;xsd</Extensions>
    </Filter>
    <Filter Include="ソース ファイル\ヘッダー ファイル\2d">
      <UniqueIdentifier>{6f7b86ac-6501-4093-94b3-68c7b3f7e8ed}</UniqueIdentifier>
    </Filter>
    <Filter Include="ソース ファイル\ヘッダー ファイル\3d">
      <UniqueIdentifier>{a6da21fa-1625-4544-8501-29f1cfaa3798}</UniqueIdentifier>
    </Filter>
    <Filter Include="ソース ファイル\ヘッダー ファイル\audio">
      <UniqueIdentifier>{b970f579-51f5-4fd8-853b-d4c72460332f}</UniqueIdentifier>
    </Filter>
    <Filter Include="ソース ファイル\ヘッダー ファイル\base">
      <UniqueIdentifier>{f97595b0-fd56-4615-a26d-6d5f6968c070}</UniqueIdentifier>
    </Filter>
    <Filter Include="ソース ファイル\ヘッダー ファイル\input/output">
      <UniqueIdentifier>{3b8ddc80-10f2-4217-81dc-34c253521a38}</UniqueIdentifier>
    </Filter>
    <Filter Include="ソース ファイル\ヘッダー ファイル\math">
      <UniqueIdentifier>{677d4acc-07f0-4a09-bb7f-4957e55b0d85}</UniqueIdentifier>
    </Filter>
    <Filter Include="ソース ファイル\ヘッダー ファイル\scene">
      <UniqueIdentifier>{87075e1e-8e9e-42bf-8920-a451b77b0a3e}</UniqueIdentifier>
    </Filter>
  </ItemGroup>
  <ItemGroup>
    <ClCompile Include="externals\imgui\imgui.cpp">
      <Filter>imgui</Filter>
    </ClCompile>
    <ClCompile Include="externals\imgui\imgui_demo.cpp">
      <Filter>imgui</Filter>
    </ClCompile>
    <ClCompile Include="externals\imgui\imgui_draw.cpp">
      <Filter>imgui</Filter>
    </ClCompile>
    <ClCompile Include="externals\imgui\imgui_impl_dx12.cpp">
      <Filter>imgui</Filter>
    </ClCompile>
    <ClCompile Include="externals\imgui\imgui_impl_win32.cpp">
      <Filter>imgui</Filter>
    </ClCompile>
    <ClCompile Include="externals\imgui\imgui_tables.cpp">
      <Filter>imgui</Filter>
    </ClCompile>
    <ClCompile Include="externals\imgui\imgui_widgets.cpp">
      <Filter>imgui</Filter>
    </ClCompile>
    <ClCompile Include="engine\base\WindowProc.cpp">
      <Filter>ソース ファイル\base</Filter>
    </ClCompile>
    <ClCompile Include="engine\math\Matrix4x4.cpp">
      <Filter>ソース ファイル\math</Filter>
    </ClCompile>
    <ClCompile Include="engine\base\DirectXCommon.cpp">
      <Filter>ソース ファイル</Filter>
    </ClCompile>
    <ClCompile Include="engine\2d\SpriteCommon.cpp">
      <Filter>ソース ファイル</Filter>
    </ClCompile>
    <ClCompile Include="engine\2d\Sprite.cpp">
      <Filter>ソース ファイル</Filter>
    </ClCompile>
    <ClCompile Include="engine\graphics\BlendMode.cpp">
      <Filter>ソース ファイル</Filter>
    </ClCompile>
    <ClCompile Include="engine\audio\AudioManager.cpp">
      <Filter>ソース ファイル</Filter>
    </ClCompile>
    <ClCompile Include="engine\scene\SceneManager.cpp">
      <Filter>ソース ファイル</Filter>
    </ClCompile>
    <ClCompile Include="engine\3d\model\Model.cpp">
      <Filter>ソース ファイル</Filter>
    </ClCompile>
    <ClCompile Include="engine\3d\model\ModelCommon.cpp">
      <Filter>ソース ファイル</Filter>
    </ClCompile>
    <ClCompile Include="engine\3d\model\ModelManager.cpp">
      <Filter>ソース ファイル</Filter>
    </ClCompile>
    <ClCompile Include="engine\3d\obj\Obj3d.cpp">
      <Filter>ソース ファイル</Filter>
    </ClCompile>
    <ClCompile Include="engine\3d\obj\Obj3dCommon.cpp">
      <Filter>ソース ファイル</Filter>
    </ClCompile>
    <ClCompile Include="engine\base\Framework.cpp">
      <Filter>ソース ファイル</Filter>
    </ClCompile>
    <ClCompile Include="engine\base\Input.cpp">
      <Filter>ソース ファイル</Filter>
    </ClCompile>
    <ClCompile Include="engine\camera\Camera.cpp">
      <Filter>ソース ファイル</Filter>
    </ClCompile>
    <ClCompile Include="engine\camera\DebugCamera.cpp">
      <Filter>ソース ファイル</Filter>
    </ClCompile>
    <ClCompile Include="engine\graphics\PipelineManager.cpp">
      <Filter>ソース ファイル</Filter>
    </ClCompile>
    <ClCompile Include="engine\graphics\ResourceFactory.cpp">
      <Filter>ソース ファイル</Filter>
    </ClCompile>
    <ClCompile Include="engine\graphics\ShaderCompiler.cpp">
      <Filter>ソース ファイル</Filter>
    </ClCompile>
    <ClCompile Include="engine\graphics\SrvManager.cpp">
      <Filter>ソース ファイル</Filter>
    </ClCompile>
    <ClCompile Include="engine\particle\ParticleCommon.cpp">
      <Filter>ソース ファイル</Filter>
    </ClCompile>
    <ClCompile Include="engine\particle\ParticleManager.cpp">
      <Filter>ソース ファイル</Filter>
    </ClCompile>
    <ClCompile Include="engine\utils\CrashDumper.cpp">
      <Filter>ソース ファイル</Filter>
    </ClCompile>
    <ClCompile Include="engine\utils\LogManager.cpp">
      <Filter>ソース ファイル</Filter>
    </ClCompile>
    <ClCompile Include="game\base\Game.cpp">
      <Filter>ソース ファイル</Filter>
    </ClCompile>
    <ClCompile Include="game\base\main.cpp">
      <Filter>ソース ファイル</Filter>
    </ClCompile>
    <ClCompile Include="game\scene\GamePlayScene.cpp">
      <Filter>ソース ファイル</Filter>
    </ClCompile>
    <ClCompile Include="game\scene\SceneFactory.cpp">
      <Filter>ソース ファイル</Filter>
    </ClCompile>
    <ClCompile Include="game\scene\TitleScene.cpp">
      <Filter>ソース ファイル</Filter>
    </ClCompile>
    <ClCompile Include="engine\graphics\TextureManager.cpp">
      <Filter>ソース ファイル</Filter>
    </ClCompile>
    <ClCompile Include="engine\math\VectorMath.cpp">
      <Filter>ソース ファイル</Filter>
    </ClCompile>
    <ClCompile Include="engine\graphics\RootSignatureBuilder.cpp">
      <Filter>ソース ファイル</Filter>
    </ClCompile>
    <ClCompile Include="engine\collision\Collision.cpp">
      <Filter>ソース ファイル</Filter>
    </ClCompile>
    <ClCompile Include="engine\graphics\RenderTexture.cpp">
      <Filter>ソース ファイル</Filter>
    </ClCompile>
    <ClCompile Include="engine\graphics\GraphicsPipelineBuilder.cpp">
      <Filter>ソース ファイル</Filter>
    </ClCompile>
    <ClCompile Include="engine\postEffect\PostEffect.cpp">
      <Filter>ソース ファイル</Filter>
    </ClCompile>
    <ClCompile Include="engine\utils\ImGuiManager.cpp">
      <Filter>ソース ファイル</Filter>
    </ClCompile>
    <ClCompile Include="engine\utils\Level\LevelManager.cpp">
      <Filter>ソース ファイル</Filter>
    </ClCompile>
    <ClCompile Include="engine\utils\Level\LevelEditor.cpp">
      <Filter>ソース ファイル</Filter>
    </ClCompile>
    <ClCompile Include="game\player\Player.cpp">
      <Filter>ソース ファイル</Filter>
    </ClCompile>
    <ClCompile Include="engine\utils\TextManager.cpp">
      <Filter>ソース ファイル</Filter>
    </ClCompile>
    <ClCompile Include="engine\math\QuaternionMath.cpp">
      <Filter>ソース ファイル</Filter>
    </ClCompile>
    <ClCompile Include="engine\3d\Animation.cpp">
      <Filter>ソース ファイル</Filter>
    </ClCompile>
  </ItemGroup>
  <ItemGroup>
    <FxCompile Include="engine\base\resources\shaders\Object3d.PS.hlsl">
      <Filter>シェーダーファイル</Filter>
    </FxCompile>
    <FxCompile Include="engine\base\resources\shaders\Object3d.VS.hlsl">
      <Filter>シェーダーファイル</Filter>
    </FxCompile>
    <FxCompile Include="engine\base\resources\shaders\Particle.PS.hlsl" />
    <FxCompile Include="engine\base\resources\shaders\Particle.VS.hlsl" />
  </ItemGroup>
  <ItemGroup>
    <ClInclude Include="externals\imgui\imgui.h">
      <Filter>imgui</Filter>
    </ClInclude>
    <ClInclude Include="externals\imgui\imgui_impl_dx12.h">
      <Filter>imgui</Filter>
    </ClInclude>
    <ClInclude Include="externals\imgui\imgui_impl_win32.h">
      <Filter>imgui</Filter>
    </ClInclude>
    <ClInclude Include="externals\imgui\imgui_internal.h">
      <Filter>imgui</Filter>
    </ClInclude>
    <ClInclude Include="externals\imgui\imstb_rectpack.h">
      <Filter>imgui</Filter>
    </ClInclude>
    <ClInclude Include="externals\imgui\imstb_textedit.h">
      <Filter>imgui</Filter>
    </ClInclude>
    <ClInclude Include="externals\imgui\imstb_truetype.h">
      <Filter>imgui</Filter>
    </ClInclude>
    <ClInclude Include="externals\imgui\imconfig.h">
      <Filter>imgui</Filter>
    </ClInclude>
    <ClInclude Include="engine\math\Matrix4x4.h">
      <Filter>ソース ファイル\ヘッダー ファイル\math</Filter>
    </ClInclude>
    <ClInclude Include="engine\base\WindowProc.h">
      <Filter>ソース ファイル\ヘッダー ファイル\base</Filter>
    </ClInclude>
    <ClInclude Include="engine\base\DirectXCommon.h">
      <Filter>ソース ファイル\ヘッダー ファイル</Filter>
    </ClInclude>
    <ClInclude Include="engine\2d\SpriteCommon.h">
      <Filter>ソース ファイル\ヘッダー ファイル</Filter>
    </ClInclude>
    <ClInclude Include="engine\2d\Sprite.h">
      <Filter>ソース ファイル\ヘッダー ファイル</Filter>
    </ClInclude>
    <ClInclude Include="engine\graphics\BlendMode.h">
      <Filter>ソース ファイル\ヘッダー ファイル</Filter>
    </ClInclude>
    <ClInclude Include="engine\audio\AudioManager.h">
      <Filter>ソース ファイル\ヘッダー ファイル</Filter>
    </ClInclude>
    <ClInclude Include="engine\utils\ResourceLeakChecker.h">
      <Filter>ソース ファイル\ヘッダー ファイル</Filter>
    </ClInclude>
    <ClInclude Include="engine\scene\SceneManager.h">
      <Filter>ソース ファイル\ヘッダー ファイル</Filter>
    </ClInclude>
    <ClInclude Include="engine\scene\IScene.h">
      <Filter>ソース ファイル\ヘッダー ファイル</Filter>
    </ClInclude>
    <ClInclude Include="engine\scene\AbstractSceneFactory.h">
      <Filter>ソース ファイル\ヘッダー ファイル</Filter>
    </ClInclude>
    <ClInclude Include="engine\3d\model\Model.h">
      <Filter>ソース ファイル\ヘッダー ファイル</Filter>
    </ClInclude>
    <ClInclude Include="engine\3d\model\ModelCommon.h">
      <Filter>ソース ファイル\ヘッダー ファイル</Filter>
    </ClInclude>
    <ClInclude Include="engine\3d\model\ModelManager.h">
      <Filter>ソース ファイル\ヘッダー ファイル</Filter>
    </ClInclude>
    <ClInclude Include="engine\3d\obj\Obj3d.h">
      <Filter>ソース ファイル\ヘッダー ファイル</Filter>
    </ClInclude>
    <ClInclude Include="engine\3d\obj\Obj3dCommon.h">
      <Filter>ソース ファイル\ヘッダー ファイル</Filter>
    </ClInclude>
    <ClInclude Include="engine\base\Framework.h">
      <Filter>ソース ファイル\ヘッダー ファイル</Filter>
    </ClInclude>
    <ClInclude Include="engine\base\Input.h">
      <Filter>ソース ファイル\ヘッダー ファイル</Filter>
    </ClInclude>
    <ClInclude Include="engine\camera\Camera.h">
      <Filter>ソース ファイル\ヘッダー ファイル</Filter>
    </ClInclude>
    <ClInclude Include="engine\camera\DebugCamera.h">
      <Filter>ソース ファイル\ヘッダー ファイル</Filter>
    </ClInclude>
    <ClInclude Include="engine\graphics\PipelineManager.h">
      <Filter>ソース ファイル\ヘッダー ファイル</Filter>
    </ClInclude>
    <ClInclude Include="engine\graphics\PipelineType.h">
      <Filter>ソース ファイル\ヘッダー ファイル</Filter>
    </ClInclude>
    <ClInclude Include="engine\graphics\ResourceFactory.h">
      <Filter>ソース ファイル\ヘッダー ファイル</Filter>
    </ClInclude>
    <ClInclude Include="engine\graphics\ShaderCompiler.h">
      <Filter>ソース ファイル\ヘッダー ファイル</Filter>
    </ClInclude>
    <ClInclude Include="engine\graphics\SrvManager.h">
      <Filter>ソース ファイル\ヘッダー ファイル</Filter>
    </ClInclude>
    <ClInclude Include="engine\math\struct.h">
      <Filter>ソース ファイル\ヘッダー ファイル</Filter>
    </ClInclude>
    <ClInclude Include="engine\particle\ParticleCommon.h">
      <Filter>ソース ファイル\ヘッダー ファイル</Filter>
    </ClInclude>
    <ClInclude Include="engine\particle\ParticleManager.h">
      <Filter>ソース ファイル\ヘッダー ファイル</Filter>
    </ClInclude>
    <ClInclude Include="engine\utils\Color.h">
      <Filter>ソース ファイル\ヘッダー ファイル</Filter>
    </ClInclude>
    <ClInclude Include="engine\utils\CrashDumper.h">
      <Filter>ソース ファイル\ヘッダー ファイル</Filter>
    </ClInclude>
    <ClInclude Include="engine\utils\ImGuiManager.h">
      <Filter>ソース ファイル\ヘッダー ファイル</Filter>
    </ClInclude>
    <ClInclude Include="engine\utils\LogManager.h">
      <Filter>ソース ファイル\ヘッダー ファイル</Filter>
    </ClInclude>
    <ClInclude Include="game\base\Game.h">
      <Filter>ソース ファイル\ヘッダー ファイル</Filter>
    </ClInclude>
    <ClInclude Include="game\scene\GamePlayScene.h">
      <Filter>ソース ファイル\ヘッダー ファイル</Filter>
    </ClInclude>
    <ClInclude Include="game\scene\SceneFactory.h">
      <Filter>ソース ファイル\ヘッダー ファイル</Filter>
    </ClInclude>
    <ClInclude Include="game\scene\TitleScene.h">
      <Filter>ソース ファイル\ヘッダー ファイル</Filter>
    </ClInclude>
    <ClInclude Include="engine\graphics\TextureManager.h">
      <Filter>ソース ファイル\ヘッダー ファイル</Filter>
    </ClInclude>
    <ClInclude Include="engine\math\VectorMath.h">
      <Filter>ソース ファイル\ヘッダー ファイル</Filter>
    </ClInclude>
    <ClInclude Include="engine\graphics\RootSignatureBuilder.h">
      <Filter>ソース ファイル\ヘッダー ファイル</Filter>
    </ClInclude>
    <ClInclude Include="engine\collision\Collider.h">
      <Filter>ソース ファイル\ヘッダー ファイル</Filter>
    </ClInclude>
    <ClInclude Include="engine\collision\Collision.h">
      <Filter>ソース ファイル\ヘッダー ファイル</Filter>
    </ClInclude>
    <ClInclude Include="engine\graphics\RenderTexture.h">
      <Filter>ソース ファイル\ヘッダー ファイル</Filter>
    </ClInclude>
    <ClInclude Include="engine\graphics\GraphicsPipelineBuilder.h">
      <Filter>ソース ファイル\ヘッダー ファイル</Filter>
    </ClInclude>
    <ClInclude Include="engine\postEffect\PostEffect.h">
      <Filter>ソース ファイル\ヘッダー ファイル</Filter>
    </ClInclude>
    <ClInclude Include="externals\nlohmann\json.hpp">
      <Filter>ソース ファイル\ヘッダー ファイル</Filter>
    </ClInclude>
    <ClInclude Include="engine\utils\Level\LevelData.h">
      <Filter>ソース ファイル\ヘッダー ファイル</Filter>
    </ClInclude>
    <ClInclude Include="engine\utils\Level\LevelManager.h">
      <Filter>ソース ファイル\ヘッダー ファイル</Filter>
    </ClInclude>
    <ClInclude Include="engine\utils\Level\LevelEditor.h">
      <Filter>ソース ファイル\ヘッダー ファイル</Filter>
    </ClInclude>
    <ClInclude Include="game\player\Player.h">
      <Filter>ソース ファイル\ヘッダー ファイル</Filter>
    </ClInclude>
    <ClInclude Include="engine\utils\TextManager.h">
      <Filter>ソース ファイル\ヘッダー ファイル</Filter>
    </ClInclude>
    <ClInclude Include="engine\math\QuaternionMath.h">
      <Filter>ソース ファイル\ヘッダー ファイル</Filter>
    </ClInclude>
    <ClInclude Include="engine\3d\Animation.h">
      <Filter>ソース ファイル\ヘッダー ファイル</Filter>
    </ClInclude>
  </ItemGroup>
  <ItemGroup>
    <Text Include="externals\imgui\LICENSE.txt">
      <Filter>imgui</Filter>
    </Text>
  </ItemGroup>
  <ItemGroup>
    <None Include="externals\DirectXTex\DirectXTex_Desktop_2022_Win10.vcxproj" />
    <None Include="engine\base\resources\shaders\Object3d.hlsli">
      <Filter>シェーダーファイル</Filter>
    </None>
    <None Include="engine\base\resources\shaders\Particle.hlsli" />
    <None Include="packages.config" />
  </ItemGroup>
</Project>