<?xml version="1.0" encoding="utf-8"?>
<Project ToolsVersion="4.0" xmlns="http://schemas.microsoft.com/developer/msbuild/2003">
  <ItemGroup>
    <FxCompile Include="engine\base\resources\shaders\Object3d.PS.hlsl" />
    <FxCompile Include="engine\base\resources\shaders\Object3d.VS.hlsl" />
    <FxCompile Include="engine\base\resources\shaders\Particle.PS.hlsl" />
    <FxCompile Include="engine\base\resources\shaders\Particle.VS.hlsl" />
  </ItemGroup>
  <ItemGroup>
    <ClCompile Include="game\card\AttackDebuffEffect.cpp" />
    <ClCompile Include="game\card\DecoyEffect.cpp" />
    <ClCompile Include="game\card\FangEffect.cpp" />
    <ClCompile Include="game\card\FistEffect.cpp" />
    <ClCompile Include="game\card\FireballEffect.cpp" />
    <ClCompile Include="game\enemy\Boss.cpp" />
    <ClCompile Include="game\card\DungeonGenerator.cpp" />
    <ClCompile Include="game\card\CardUseSystem.cpp" />
    <ClCompile Include="game\card\CardDatabase.cpp" />
    <ClCompile Include="game\enemy\Enemy.cpp" />
    <ClCompile Include="game\card\CardPickupManager.cpp" />
    <ClCompile Include="engine\3d\Animation.cpp" />
    <ClCompile Include="engine\collision\Collision.cpp" />
    <ClCompile Include="engine\3d\model\Model.cpp" />
    <ClCompile Include="engine\3d\model\ModelCommon.cpp" />
    <ClCompile Include="engine\3d\model\ModelManager.cpp" />
    <ClCompile Include="engine\3d\obj\Obj3d.cpp" />
    <ClCompile Include="engine\3d\obj\Obj3dCommon.cpp" />
    <ClCompile Include="engine\audio\AudioManager.cpp" />
    <ClCompile Include="engine\base\Framework.cpp" />
    <ClCompile Include="engine\base\Input.cpp" />
    <ClCompile Include="engine\camera\Camera.cpp" />
    <ClCompile Include="engine\camera\DebugCamera.cpp" />
    <ClCompile Include="engine\graphics\PipelineManager.cpp" />
    <ClCompile Include="engine\graphics\ResourceFactory.cpp" />
    <ClCompile Include="engine\graphics\ShaderCompiler.cpp" />
    <ClCompile Include="engine\graphics\SrvManager.cpp" />
    <ClCompile Include="engine\graphics\TextureManager.cpp" />
    <ClCompile Include="engine\graphics\BlendMode.cpp" />
    <ClCompile Include="engine\base\DirectXCommon.cpp" />
    <ClCompile Include="engine\particle\ParticleCommon.cpp" />
    <ClCompile Include="engine\particle\ParticleManager.cpp" />
    <ClCompile Include="engine\utils\CrashDumper.cpp" />
    <ClCompile Include="engine\utils\ImGuiManager.cpp" />
    <ClCompile Include="engine\utils\LogManager.cpp" />
    <ClCompile Include="externals\imgui\imgui.cpp" />
    <ClCompile Include="externals\imgui\imgui_demo.cpp" />
    <ClCompile Include="externals\imgui\imgui_draw.cpp" />
    <ClCompile Include="externals\imgui\imgui_impl_dx12.cpp" />
    <ClCompile Include="externals\imgui\imgui_impl_win32.cpp" />
    <ClCompile Include="externals\imgui\imgui_tables.cpp" />
    <ClCompile Include="externals\imgui\imgui_widgets.cpp" />
    <ClCompile Include="engine\math\Matrix4x4.cpp" />
    <ClCompile Include="engine\base\WindowProc.cpp" />
    <ClCompile Include="engine\2d\SpriteCommon.cpp" />
    <ClCompile Include="engine\2d\Sprite.cpp" />
    <ClCompile Include="engine\scene\SceneManager.cpp" />
    <ClCompile Include="game\base\Game.cpp" />
    <ClCompile Include="game\base\main.cpp" />
    <ClCompile Include="scene\GamePlayScene.cpp" />
    <ClCompile Include="scene\SceneFactory.cpp" />
    <ClCompile Include="scene\TitleScene.cpp" />
    <ClCompile Include="engine\math\VectorMath.cpp" />
    <ClCompile Include="engine\graphics\RootSignatureBuilder.cpp" />
    <ClCompile Include="engine\graphics\RenderTexture.cpp" />
    <ClCompile Include="engine\graphics\GraphicsPipelineBuilder.cpp" />
    <ClCompile Include="engine\postEffect\PostEffect.cpp" />
    <ClCompile Include="engine\utils\Level\LevelManager.cpp" />
    <ClCompile Include="engine\utils\Level\LevelEditor.cpp" />
    <ClCompile Include="game\card\HandManager.cpp" />
    <ClCompile Include="game\player\Player.cpp" />
    <ClCompile Include="engine\utils\TextManager.cpp" />
    <ClCompile Include="game\spawn\SpawnManager.cpp" />
    <ClCompile Include="game\card\HealEffect.cpp" />
    <ClCompile Include="game\card\SpeedBuffEffect.cpp" />
    <ClCompile Include="game\card\IceBulletEffect.cpp" />
    <ClCompile Include="game\card\ShieldEffect.cpp" />
    <ClCompile Include="engine\math\QuaternionMath.cpp" />
  </ItemGroup>
  <ItemGroup>
    <ClInclude Include="game\card\AttackDebuffEffect.h" />
    <ClInclude Include="game\card\DecoyEffect.h" />
    <ClInclude Include="game\card\FangEffect.h" />
    <ClInclude Include="game\card\FistEffect.h" />
    <ClInclude Include="game\card\FireballEffect.h" />
    <ClInclude Include="game\card\ICardEffect.h" />
    <ClInclude Include="game\enemy\Boss.h" />
    <ClInclude Include="game\card\CardUseSystem.h" />
    <ClInclude Include="game\card\CardDatabase.h" />
    <ClInclude Include="game\enemy\Enemy.h" />
    <ClInclude Include="game\card\CardPickupManager.h" />
    <ClInclude Include="game\card\CardPickup.h" />
    <ClInclude Include="engine\3d\Animation.h" />
    <ClInclude Include="engine\collision\Collision.h" />
    <ClInclude Include="engine\3d\model\Model.h" />
    <ClInclude Include="engine\3d\model\ModelCommon.h" />
    <ClInclude Include="engine\3d\model\ModelManager.h" />
    <ClInclude Include="engine\3d\obj\Obj3d.h" />
    <ClInclude Include="engine\3d\obj\Obj3dCommon.h" />
    <ClInclude Include="engine\base\Framework.h" />
    <ClInclude Include="engine\base\Input.h" />
    <ClInclude Include="engine\camera\Camera.h" />
    <ClInclude Include="engine\camera\DebugCamera.h" />
    <ClInclude Include="engine\collision\Collider.h" />
    <ClInclude Include="engine\graphics\PipelineManager.h" />
    <ClInclude Include="engine\graphics\PipelineType.h" />
    <ClInclude Include="engine\graphics\ResourceFactory.h" />
    <ClInclude Include="engine\graphics\ShaderCompiler.h" />
    <ClInclude Include="engine\graphics\SrvManager.h" />
    <ClInclude Include="engine\graphics\TextureManager.h" />
    <ClInclude Include="engine\math\struct.h" />
    <ClInclude Include="engine\particle\ParticleCommon.h" />
    <ClInclude Include="engine\particle\ParticleManager.h" />
    <ClInclude Include="engine\scene\AbstractSceneFactory.h" />
    <ClInclude Include="engine\audio\AudioManager.h" />
    <ClInclude Include="engine\graphics\BlendMode.h" />
    <ClInclude Include="engine\base\DirectXCommon.h" />
    <ClInclude Include="engine\utils\Level\LevelData.h" />
    <ClInclude Include="engine\utils\Color.h" />
    <ClInclude Include="engine\utils\CrashDumper.h" />
    <ClInclude Include="engine\utils\ImGuiManager.h" />
    <ClInclude Include="engine\utils\LogManager.h" />
    <ClInclude Include="externals\imgui\imconfig.h" />
    <ClInclude Include="externals\imgui\imgui.h" />
    <ClInclude Include="externals\imgui\imgui_impl_dx12.h" />
    <ClInclude Include="externals\imgui\imgui_impl_win32.h" />
    <ClInclude Include="externals\imgui\imgui_internal.h" />
    <ClInclude Include="externals\imgui\imstb_rectpack.h" />
    <ClInclude Include="externals\imgui\imstb_textedit.h" />
    <ClInclude Include="externals\imgui\imstb_truetype.h" />
    <ClInclude Include="engine\math\Matrix4x4.h" />
    <ClInclude Include="engine\base\WindowProc.h" />
    <ClInclude Include="engine\2d\SpriteCommon.h" />
    <ClInclude Include="engine\2d\Sprite.h" />
    <ClInclude Include="engine\scene\IScene.h" />
    <ClInclude Include="engine\utils\ResourceLeakChecker.h" />
    <ClInclude Include="engine\scene\SceneManager.h" />
    <ClInclude Include="externals\nlohmann\json.hpp" />
    <ClInclude Include="game\base\Game.h" />
    <ClInclude Include="game\card\SpeedBuffEffect.h" />
    <ClInclude Include="scene\GamePlayScene.h" />
    <ClInclude Include="scene\SceneFactory.h" />
    <ClInclude Include="scene\TitleScene.h" />
    <ClInclude Include="engine\math\VectorMath.h" />
    <ClInclude Include="engine\graphics\RootSignatureBuilder.h" />
    <ClInclude Include="engine\graphics\RenderTexture.h" />
    <ClInclude Include="engine\graphics\GraphicsPipelineBuilder.h" />
    <ClInclude Include="engine\postEffect\PostEffect.h" />
    <ClInclude Include="engine\utils\Level\LevelManager.h" />
    <ClInclude Include="engine\utils\Level\LevelEditor.h" />
    <ClInclude Include="game\card\HandManager.h" />
    <ClInclude Include="game\player\Player.h" />
    <ClInclude Include="engine\utils\TextManager.h" />
    <ClInclude Include="game\spawn\SpawnManager.h" />
    <ClInclude Include="game\card\HealEffect.h" />
    <ClInclude Include="game\card\IceBulletEffect.h" />
    <ClInclude Include="game\card\ShieldEffect.h" />
    <ClInclude Include="engine\math\QuaternionMath.h" />
    <ClInclude Include="engine\utils\HeapDebugger.h" />
  </ItemGroup>
  <ItemGroup>
    <None Include="externals\DirectXTex\DirectXTex_Desktop_2022_Win10.vcxproj" />
    <None Include="engine\base\resources\shaders\Object3d.hlsli" />
    <None Include="engine\base\resources\shaders\Particle.hlsli" />
    <None Include="game\card\packages.config" />
  </ItemGroup>
  <ItemGroup>
    <Text Include="externals\imgui\LICENSE.txt" />
  </ItemGroup>
</Project>