
Microsoft Visual Studio Solution File, Format Version 12.00
# Visual Studio Version 17
VisualStudioVersion = 17.13.35931.197
MinimumVisualStudioVersion = 10.0.40219.1
Project("{8BC9CEB8-8B4A-11D0-8D11-00A0C91BC942}") = "CG2_00_01", "CG2_00_01.vcxproj", "{FB42F275-57C5-46FB-B152-21FAA1CE5A91}"
	ProjectSection(ProjectDependencies) = postProject
		{81DCD3FA-3547-418B-8541-1BC77654C520} = {81DCD3FA-3547-418B-8541-1BC77654C520}
	EndProjectSection
EndProject
Project("{2150E333-8FDC-42A3-9474-1A3956D46DE8}") = "ソリューション項目", "ソリューション項目", "{2022CB0F-8BAF-F49E-0C48-8EF4C96EC109}"
	ProjectSection(SolutionItems) = preProject
		.editorconfig = .editorconfig
	EndProjectSection
EndProject
Project("{8BC9CEB8-8B4A-11D0-8D11-00A0C91BC942}") = "DirectXTex", "externals\DirectXTex\DirectXTex_Desktop_2022_Win10.vcxproj", "{371B9FA9-4C90-4AC6-A123-ACED756D6C77}"
EndProject
Project("{8BC9CEB8-8B4A-11D0-8D11-00A0C91BC942}") = "imgui", "..\externals\imgui\imgui.vcxproj", "{81DCD3FA-3547-418B-8541-1BC77654C520}"
EndProject
Global
	GlobalSection(SolutionConfigurationPlatforms) = preSolution
		Debug|x64 = Debug|x64
		Development|x64 = Development|x64
		Release|x64 = Release|x64
	EndGlobalSection
	GlobalSection(ProjectConfigurationPlatforms) = postSolution
		{FB42F275-57C5-46FB-B152-21FAA1CE5A91}.Debug|x64.ActiveCfg = Debug|x64
		{FB42F275-57C5-46FB-B152-21FAA1CE5A91}.Debug|x64.Build.0 = Debug|x64
		{FB42F275-57C5-46FB-B152-21FAA1CE5A91}.Development|x64.ActiveCfg = Development|x64
		{FB42F275-57C5-46FB-B152-21FAA1CE5A91}.Development|x64.Build.0 = Development|x64
		{FB42F275-57C5-46FB-B152-21FAA1CE5A91}.Release|x64.ActiveCfg = Release|x64
		{FB42F275-57C5-46FB-B152-21FAA1CE5A91}.Release|x64.Build.0 = Release|x64
		{371B9FA9-4C90-4AC6-A123-ACED756D6C77}.Debug|x64.ActiveCfg = Debug|x64
		{371B9FA9-4C90-4AC6-A123-ACED756D6C77}.Debug|x64.Build.0 = Debug|x64
		{371B9FA9-4C90-4AC6-A123-ACED756D6C77}.Development|x64.ActiveCfg = Development|x64
		{371B9FA9-4C90-4AC6-A123-ACED756D6C77}.Development|x64.Build.0 = Development|x64
		{371B9FA9-4C90-4AC6-A123-ACED756D6C77}.Release|x64.ActiveCfg = Release|x64
		{371B9FA9-4C90-4AC6-A123-ACED756D6C77}.Release|x64.Build.0 = Release|x64
		{81DCD3FA-3547-418B-8541-1BC77654C520}.Debug|x64.ActiveCfg = Debug|x64
		{81DCD3FA-3547-418B-8541-1BC77654C520}.Debug|x64.Build.0 = Debug|x64
		{81DCD3FA-3547-418B-8541-1BC77654C520}.Development|x64.ActiveCfg = Release|x64
		{81DCD3FA-3547-418B-8541-1BC77654C520}.Development|x64.Build.0 = Release|x64
		{81DCD3FA-3547-418B-8541-1BC77654C520}.Release|x64.ActiveCfg = Release|x64
		{81DCD3FA-3547-418B-8541-1BC77654C520}.Release|x64.Build.0 = Release|x64
	EndGlobalSection
	GlobalSection(SolutionProperties) = preSolution
		HideSolutionNode = FALSE
	EndGlobalSection
	GlobalSection(ExtensibilityGlobals) = postSolution
		SolutionGuid = {189D5AE0-112A-45EE-9759-BB70B297C464}
	EndGlobalSection
EndGlobal
